
Microsoft Visual Studio Solution File, Format Version 12.00
# Visual Studio Version 17
VisualStudioVersion = 17.2.32630.192
MinimumVisualStudioVersion = 10.0.40219.1
Project("{FAE04EC0-301F-11D3-BF4B-00C04F79EFBC}") = "Mini_Mart_Test", "Mini_Mart_Test\Mini_Mart_Test.csproj", "{771D7B48-B268-4742-8E17-4081037F1611}"
EndProject
Global
	GlobalSection(SolutionConfigurationPlatforms) = preSolution
		Debug|Any CPU = Debug|Any CPU
		Release|Any CPU = Release|Any CPU
	EndGlobalSection
	GlobalSection(ProjectConfigurationPlatforms) = postSolution
		{771D7B48-B268-4742-8E17-4081037F1611}.Debug|Any CPU.ActiveCfg = Debug|Any CPU
		{771D7B48-B268-4742-8E17-4081037F1611}.Debug|Any CPU.Build.0 = Debug|Any CPU
		{771D7B48-B268-4742-8E17-4081037F1611}.Release|Any CPU.ActiveCfg = Release|Any CPU
		{771D7B48-B268-4742-8E17-4081037F1611}.Release|Any CPU.Build.0 = Release|Any CPU
	EndGlobalSection
	GlobalSection(SolutionProperties) = preSolution
		HideSolutionNode = FALSE
	EndGlobalSection
	GlobalSection(ExtensibilityGlobals) = postSolution
		SolutionGuid = {CFECBFBE-1675-46B4-8D99-A7A5ECE787C2}
	EndGlobalSection
EndGlobal
